
Microsoft Visual Studio Solution File, Format Version 12.00
# Visual Studio Version 17
VisualStudioVersion = 17.14.36915.13 d17.14
MinimumVisualStudioVersion = 10.0.40219.1
Project("{FAE04EC0-301F-11D3-BF4B-00C04F79EFBC}") = "Dotnet_API_21_", "Dotnet_API_21_\Dotnet_API_21_.csproj", "{31DB712F-CBE7-4FF0-BF2B-B2A5F268593F}"
EndProject
Global
	GlobalSection(SolutionConfigurationPlatforms) = preSolution
		Debug|Any CPU = Debug|Any CPU
		Release|Any CPU = Release|Any CPU
	EndGlobalSection
	GlobalSection(ProjectConfigurationPlatforms) = postSolution
		{31DB712F-CBE7-4FF0-BF2B-B2A5F268593F}.Debug|Any CPU.ActiveCfg = Debug|Any CPU
		{31DB712F-CBE7-4FF0-BF2B-B2A5F268593F}.Debug|Any CPU.Build.0 = Debug|Any CPU
		{31DB712F-CBE7-4FF0-BF2B-B2A5F268593F}.Release|Any CPU.ActiveCfg = Release|Any CPU
		{31DB712F-CBE7-4FF0-BF2B-B2A5F268593F}.Release|Any CPU.Build.0 = Release|Any CPU
	EndGlobalSection
	GlobalSection(SolutionProperties) = preSolution
		HideSolutionNode = FALSE
	EndGlobalSection
	GlobalSection(ExtensibilityGlobals) = postSolution
		SolutionGuid = {243816E1-E235-46D3-8414-3EEAACC180BE}
	EndGlobalSection
EndGlobal
